
Microsoft Visual Studio Solution File, Format Version 12.00
# Visual Studio Version 17
VisualStudioVersion = 17.2.32616.157
MinimumVisualStudioVersion = 10.0.40219.1
Project("{9A19103F-16F7-4668-BE54-9A1E7A4F7556}") = "SolidFunctions", "SolidFunctions\SolidFunctions.csproj", "{14426958-1708-477C-B30C-7400858E140B}"
EndProject
Project("{9A19103F-16F7-4668-BE54-9A1E7A4F7556}") = "LiquidFunctions", "LiquidFunctions\LiquidFunctions.csproj", "{FFCABFDF-0944-42AC-A4A6-264411211629}"
EndProject
Project("{FAE04EC0-301F-11D3-BF4B-00C04F79EFBC}") = "SolidusFunctions", "SolidusFunctions\SolidusFunctions.csproj", "{BD99EA69-C15B-4659-AC89-38D307C614A9}"
EndProject
Global
	GlobalSection(SolutionConfigurationPlatforms) = preSolution
		Debug|Any CPU = Debug|Any CPU
		Release|Any CPU = Release|Any CPU
	EndGlobalSection
	GlobalSection(ProjectConfigurationPlatforms) = postSolution
		{14426958-1708-477C-B30C-7400858E140B}.Debug|Any CPU.ActiveCfg = Debug|Any CPU
		{14426958-1708-477C-B30C-7400858E140B}.Debug|Any CPU.Build.0 = Debug|Any CPU
		{14426958-1708-477C-B30C-7400858E140B}.Release|Any CPU.ActiveCfg = Release|Any CPU
		{14426958-1708-477C-B30C-7400858E140B}.Release|Any CPU.Build.0 = Release|Any CPU
		{FFCABFDF-0944-42AC-A4A6-264411211629}.Debug|Any CPU.ActiveCfg = Debug|Any CPU
		{FFCABFDF-0944-42AC-A4A6-264411211629}.Debug|Any CPU.Build.0 = Debug|Any CPU
		{FFCABFDF-0944-42AC-A4A6-264411211629}.Release|Any CPU.ActiveCfg = Release|Any CPU
		{FFCABFDF-0944-42AC-A4A6-264411211629}.Release|Any CPU.Build.0 = Release|Any CPU
		{BD99EA69-C15B-4659-AC89-38D307C614A9}.Debug|Any CPU.ActiveCfg = Debug|Any CPU
		{BD99EA69-C15B-4659-AC89-38D307C614A9}.Debug|Any CPU.Build.0 = Debug|Any CPU
		{BD99EA69-C15B-4659-AC89-38D307C614A9}.Release|Any CPU.ActiveCfg = Release|Any CPU
		{BD99EA69-C15B-4659-AC89-38D307C614A9}.Release|Any CPU.Build.0 = Release|Any CPU
	EndGlobalSection
	GlobalSection(SolutionProperties) = preSolution
		HideSolutionNode = FALSE
	EndGlobalSection
	GlobalSection(ExtensibilityGlobals) = postSolution
		SolutionGuid = {2EF73035-6152-4C8F-B961-9E3F8CA0D2A8}
	EndGlobalSection
EndGlobal
